github.com/google/go-cmp v0.3.1 h1:Xye71clBPdm5HgqGwUkwhbynsUJZhDbS20FvLhQ2izg=
github.com/google/go-cmp v0.3.1/go.mod h1:8QqcDgzrUqlUb/G2PQTWiueGozuR1884gddMywk6iLU=
github.com/uklineale/go-randutils v0.0.0-20191225203049-a8bb429f7d83 h1:3+hBqrUrbX2hUItrp7p9eBy6VQHtUp35Egn2CduDdJM=
github.com/uklineale/go-randutils v0.0.0-20191225203049-a8bb429f7d83/go.mod h1:s+u8RfWlNheyc7N9uyR59C5TQE9IJSw0cSD99iaL83U=
